{
  "requires": true,
  "lockfileVersion": 1,
  "dependencies": {
    "@perp/contract": {
      "version": "2.2.2",
      "resolved": "https://registry.npmjs.org/@perp/contract/-/contract-2.2.2.tgz",
      "integrity": "sha512-3reC4s9uj/xgfQtnUnlOG3OZ6W2yryCXIUgLjQtdOXD4MuMhmqXERmpAGDFja3FNzF0LFJ/T3Z3mGk9yH/tU6A=="
    }
  }
}
